
Microsoft Visual Studio Solution File, Format Version 12.00
# Visual Studio Version 16
VisualStudioVersion = 16.0.30717.126
MinimumVisualStudioVersion = 10.0.40219.1
Project("{FAE04EC0-301F-11D3-BF4B-00C04F79EFBC}") = "BasicClassComcepts", "BasicClassComcepts\BasicClassComcepts.csproj", "{372A43E5-8A20-4785-89F9-C4ABC74A6EBF}"
EndProject
Project("{FAE04EC0-301F-11D3-BF4B-00C04F79EFBC}") = "ConsoleApp1", "ConsoleApp1\ConsoleApp1.csproj", "{9A320634-8325-4C17-BA4B-237D0B8CAB9F}"
EndProject
Global
	GlobalSection(SolutionConfigurationPlatforms) = preSolution
		Debug|Any CPU = Debug|Any CPU
		Release|Any CPU = Release|Any CPU
	EndGlobalSection
	GlobalSection(ProjectConfigurationPlatforms) = postSolution
		{372A43E5-8A20-4785-89F9-C4ABC74A6EBF}.Debug|Any CPU.ActiveCfg = Debug|Any CPU
		{372A43E5-8A20-4785-89F9-C4ABC74A6EBF}.Debug|Any CPU.Build.0 = Debug|Any CPU
		{372A43E5-8A20-4785-89F9-C4ABC74A6EBF}.Release|Any CPU.ActiveCfg = Release|Any CPU
		{372A43E5-8A20-4785-89F9-C4ABC74A6EBF}.Release|Any CPU.Build.0 = Release|Any CPU
		{9A320634-8325-4C17-BA4B-237D0B8CAB9F}.Debug|Any CPU.ActiveCfg = Debug|Any CPU
		{9A320634-8325-4C17-BA4B-237D0B8CAB9F}.Debug|Any CPU.Build.0 = Debug|Any CPU
		{9A320634-8325-4C17-BA4B-237D0B8CAB9F}.Release|Any CPU.ActiveCfg = Release|Any CPU
		{9A320634-8325-4C17-BA4B-237D0B8CAB9F}.Release|Any CPU.Build.0 = Release|Any CPU
	EndGlobalSection
	GlobalSection(SolutionProperties) = preSolution
		HideSolutionNode = FALSE
	EndGlobalSection
	GlobalSection(ExtensibilityGlobals) = postSolution
		SolutionGuid = {DAF216BE-1733-43EA-B396-FC096D47021E}
	EndGlobalSection
EndGlobal
